
Microsoft Visual Studio Solution File, Format Version 12.00
# Visual Studio Version 17
VisualStudioVersion = 17.3.32825.248
MinimumVisualStudioVersion = 10.0.40219.1
Project("{9A19103F-16F7-4668-BE54-9A1E7A4F7556}") = "Entities", "Entities\Entities.csproj", "{058A3C28-98C2-413D-AE4B-C4F33250AE88}"
EndProject
Project("{FAE04EC0-301F-11D3-BF4B-00C04F79EFBC}") = "Frontend", "Frontend\Frontend.csproj", "{2F9A1942-CC44-49C2-9BD9-16C3FAB65B8E}"
EndProject
Global
	GlobalSection(SolutionConfigurationPlatforms) = preSolution
		Debug|Any CPU = Debug|Any CPU
		Release|Any CPU = Release|Any CPU
	EndGlobalSection
	GlobalSection(ProjectConfigurationPlatforms) = postSolution
		{058A3C28-98C2-413D-AE4B-C4F33250AE88}.Debug|Any CPU.ActiveCfg = Debug|Any CPU
		{058A3C28-98C2-413D-AE4B-C4F33250AE88}.Debug|Any CPU.Build.0 = Debug|Any CPU
		{058A3C28-98C2-413D-AE4B-C4F33250AE88}.Release|Any CPU.ActiveCfg = Release|Any CPU
		{058A3C28-98C2-413D-AE4B-C4F33250AE88}.Release|Any CPU.Build.0 = Release|Any CPU
		{2F9A1942-CC44-49C2-9BD9-16C3FAB65B8E}.Debug|Any CPU.ActiveCfg = Debug|Any CPU
		{2F9A1942-CC44-49C2-9BD9-16C3FAB65B8E}.Debug|Any CPU.Build.0 = Debug|Any CPU
		{2F9A1942-CC44-49C2-9BD9-16C3FAB65B8E}.Release|Any CPU.ActiveCfg = Release|Any CPU
		{2F9A1942-CC44-49C2-9BD9-16C3FAB65B8E}.Release|Any CPU.Build.0 = Release|Any CPU
	EndGlobalSection
	GlobalSection(SolutionProperties) = preSolution
		HideSolutionNode = FALSE
	EndGlobalSection
	GlobalSection(ExtensibilityGlobals) = postSolution
		SolutionGuid = {3C4F7D3A-1C09-471C-AB74-3F3A84267024}
	EndGlobalSection
EndGlobal
